
Microsoft Visual Studio Solution File, Format Version 12.00
# Visual Studio Version 17
VisualStudioVersion = 17.2.32616.157
MinimumVisualStudioVersion = 10.0.40219.1
Project("{FAE04EC0-301F-11D3-BF4B-00C04F79EFBC}") = "Trabalho1", "Trabalho1\Trabalho1.csproj", "{99FEC424-DA57-4428-A84B-DB67208B9CBC}"
EndProject
Global
	GlobalSection(SolutionConfigurationPlatforms) = preSolution
		Debug|Any CPU = Debug|Any CPU
		Release|Any CPU = Release|Any CPU
	EndGlobalSection
	GlobalSection(ProjectConfigurationPlatforms) = postSolution
		{99FEC424-DA57-4428-A84B-DB67208B9CBC}.Debug|Any CPU.ActiveCfg = Debug|Any CPU
		{99FEC424-DA57-4428-A84B-DB67208B9CBC}.Debug|Any CPU.Build.0 = Debug|Any CPU
		{99FEC424-DA57-4428-A84B-DB67208B9CBC}.Release|Any CPU.ActiveCfg = Release|Any CPU
		{99FEC424-DA57-4428-A84B-DB67208B9CBC}.Release|Any CPU.Build.0 = Release|Any CPU
	EndGlobalSection
	GlobalSection(SolutionProperties) = preSolution
		HideSolutionNode = FALSE
	EndGlobalSection
	GlobalSection(ExtensibilityGlobals) = postSolution
		SolutionGuid = {D501B3EF-5A82-4671-9BF5-736EA6000CA1}
	EndGlobalSection
EndGlobal
